
Microsoft Visual Studio Solution File, Format Version 12.00
# Visual Studio Version 17
VisualStudioVersion = 17.5.33424.131
MinimumVisualStudioVersion = 10.0.40219.1
Project("{FAE04EC0-301F-11D3-BF4B-00C04F79EFBC}") = "C34_Dapper_Demo", "C34_Dapper_Demo\C34_Dapper_Demo.csproj", "{F3E50B7A-9D4C-4BBF-BE2F-E713E987426C}"
EndProject
Global
	GlobalSection(SolutionConfigurationPlatforms) = preSolution
		Debug|Any CPU = Debug|Any CPU
		Release|Any CPU = Release|Any CPU
	EndGlobalSection
	GlobalSection(ProjectConfigurationPlatforms) = postSolution
		{F3E50B7A-9D4C-4BBF-BE2F-E713E987426C}.Debug|Any CPU.ActiveCfg = Debug|Any CPU
		{F3E50B7A-9D4C-4BBF-BE2F-E713E987426C}.Debug|Any CPU.Build.0 = Debug|Any CPU
		{F3E50B7A-9D4C-4BBF-BE2F-E713E987426C}.Release|Any CPU.ActiveCfg = Release|Any CPU
		{F3E50B7A-9D4C-4BBF-BE2F-E713E987426C}.Release|Any CPU.Build.0 = Release|Any CPU
	EndGlobalSection
	GlobalSection(SolutionProperties) = preSolution
		HideSolutionNode = FALSE
	EndGlobalSection
	GlobalSection(ExtensibilityGlobals) = postSolution
		SolutionGuid = {BC8E62B2-85C1-43E7-8DC2-2C01867AD4E9}
	EndGlobalSection
EndGlobal
